{
  "nodes": {
    "flake-parts": {
      "inputs": {
        "nixpkgs-lib": "nixpkgs-lib"
      },
      "locked": {
        "lastModified": 1668450977,
        "narHash": "sha256-cfLhMhnvXn6x1vPm+Jow3RiFAUSCw/l1utktCw5rVA4=",
        "owner": "hercules-ci",
        "repo": "flake-parts",
        "rev": "d591857e9d7dd9ddbfba0ea02b43b927c3c0f1fa",
        "type": "github"
      },
      "original": {
        "owner": "hercules-ci",
        "repo": "flake-parts",
        "type": "github"
      }
    },
    "nixpkgs": {
      "locked": {
        "lastModified": 1670009809,
        "narHash": "sha256-yt/dQ32Vz4WenDLu4XeHbnXFxiHbTcnU0WwiLW5Ce6c=",
        "owner": "nixos",
        "repo": "nixpkgs",
        "rev": "660e7737851506374da39c0fa550c202c824a17c",
        "type": "github"
      },
      "original": {
        "owner": "nixos",
        "ref": "nixos-22.11",
        "repo": "nixpkgs",
        "type": "github"
      }
    },
    "nixpkgs-2205": {
      "locked": {
        "lastModified": 1670009241,
        "narHash": "sha256-MwpkQIvxgF0EWf0h9SQ1V2D1ZaPhelwZsc86uS3YXxo=",
        "owner": "nixos",
        "repo": "nixpkgs",
        "rev": "5d7d1d5f742e6bb57dd2e3d7b433fb4010c7af22",
        "type": "github"
      },
      "original": {
        "owner": "nixos",
        "ref": "nixos-22.05",
        "repo": "nixpkgs",
        "type": "github"
      }
    },
    "nixpkgs-2211": {
      "locked": {
        "lastModified": 1670009809,
        "narHash": "sha256-yt/dQ32Vz4WenDLu4XeHbnXFxiHbTcnU0WwiLW5Ce6c=",
        "owner": "nixos",
        "repo": "nixpkgs",
        "rev": "660e7737851506374da39c0fa550c202c824a17c",
        "type": "github"
      },
      "original": {
        "owner": "nixos",
        "ref": "nixos-22.11",
        "repo": "nixpkgs",
        "type": "github"
      }
    },
    "nixpkgs-lib": {
      "locked": {
        "dir": "lib",
        "lastModified": 1665349835,
        "narHash": "sha256-UK4urM3iN80UXQ7EaOappDzcisYIuEURFRoGQ/yPkug=",
        "owner": "NixOS",
        "repo": "nixpkgs",
        "rev": "34c5293a71ffdb2fe054eb5288adc1882c1eb0b1",
        "type": "github"
      },
      "original": {
        "dir": "lib",
        "owner": "NixOS",
        "ref": "nixos-unstable",
        "repo": "nixpkgs",
        "type": "github"
      }
    },
    "nixpkgs-unstable": {
      "locked": {
        "lastModified": 1670064435,
        "narHash": "sha256-+ELoY30UN+Pl3Yn7RWRPabykwebsVK/kYE9JsIsUMxQ=",
        "owner": "nixos",
        "repo": "nixpkgs",
        "rev": "61a8a98e6d557e6dd7ed0cdb54c3a3e3bbc5e25c",
        "type": "github"
      },
      "original": {
        "owner": "nixos",
        "ref": "nixos-unstable",
        "repo": "nixpkgs",
        "type": "github"
      }
    },
    "root": {
      "inputs": {
        "flake-parts": "flake-parts",
        "nixpkgs": "nixpkgs",
        "nixpkgs-2205": "nixpkgs-2205",
        "nixpkgs-2211": "nixpkgs-2211",
        "nixpkgs-unstable": "nixpkgs-unstable"
      }
    }
  },
  "root": "root",
  "version": 7
}
